
Microsoft Visual Studio Solution File, Format Version 12.00
Project("{FAE04EC0-301F-11D3-BF4B-00C04F79EFBC}") = "Api", "Api\Api.csproj", "{56A20150-7735-4F54-8925-FBC9864C52BD}"
EndProject
Project("{FAE04EC0-301F-11D3-BF4B-00C04F79EFBC}") = "Database", "Database\Database.csproj", "{634400A4-789D-4749-9768-08A003E9B68A}"
EndProject
Global
	GlobalSection(SolutionConfigurationPlatforms) = preSolution
		Debug|Any CPU = Debug|Any CPU
		Release|Any CPU = Release|Any CPU
	EndGlobalSection
	GlobalSection(ProjectConfigurationPlatforms) = postSolution
		{56A20150-7735-4F54-8925-FBC9864C52BD}.Debug|Any CPU.ActiveCfg = Debug|Any CPU
		{56A20150-7735-4F54-8925-FBC9864C52BD}.Debug|Any CPU.Build.0 = Debug|Any CPU
		{56A20150-7735-4F54-8925-FBC9864C52BD}.Release|Any CPU.ActiveCfg = Release|Any CPU
		{56A20150-7735-4F54-8925-FBC9864C52BD}.Release|Any CPU.Build.0 = Release|Any CPU
		{634400A4-789D-4749-9768-08A003E9B68A}.Debug|Any CPU.ActiveCfg = Debug|Any CPU
		{634400A4-789D-4749-9768-08A003E9B68A}.Debug|Any CPU.Build.0 = Debug|Any CPU
		{634400A4-789D-4749-9768-08A003E9B68A}.Release|Any CPU.ActiveCfg = Release|Any CPU
		{634400A4-789D-4749-9768-08A003E9B68A}.Release|Any CPU.Build.0 = Release|Any CPU
	EndGlobalSection
EndGlobal
